// !$*UTF8*$!
{
	archiveVersion = 1;
	classes = {
	};
	objectVersion = 48;
	objects = {

/* Begin PBXBuildFile section */
		1763DEF31FF1DAE200CE97FE /* JLCSTableViewCell.swift in Sources */ = {isa = PBXBuildFile; fileRef = 1763DEF21FF1DAE200CE97FE /* JLCSTableViewCell.swift */; };
		1763DEF51FF1DBB000CE97FE /* JLCardSectionClasses.swift in Sources */ = {isa = PBXBuildFile; fileRef = 1763DEF41FF1DBB000CE97FE /* JLCardSectionClasses.swift */; };
		AA1CA07B1FF5CA4000B574C2 /* JLCSConstants.swift in Sources */ = {isa = PBXBuildFile; fileRef = AA1CA07A1FF5CA4000B574C2 /* JLCSConstants.swift */; };
		AA1CA0801FF5E81C00B574C2 /* JLCSDefaultContent.xib in Resources */ = {isa = PBXBuildFile; fileRef = AA1CA07F1FF5E81C00B574C2 /* JLCSDefaultContent.xib */; };
		AA1CA0821FF60A1500B574C2 /* JLCSExtensions.swift in Sources */ = {isa = PBXBuildFile; fileRef = AA1CA0811FF60A1500B574C2 /* JLCSExtensions.swift */; };
		AA1CA0851FF60BAD00B574C2 /* JLCSDefaultContent.swift in Sources */ = {isa = PBXBuildFile; fileRef = AA1CA0841FF60BAD00B574C2 /* JLCSDefaultContent.swift */; };
		AA1CA0871FF616F500B574C2 /* Assets.xcassets in Resources */ = {isa = PBXBuildFile; fileRef = AA1CA0861FF616F500B574C2 /* Assets.xcassets */; };
		AA1CA08C1FF6202200B574C2 /* JLCSSingleRowSectionTableViewCell.xib in Resources */ = {isa = PBXBuildFile; fileRef = AA1CA08A1FF6202200B574C2 /* JLCSSingleRowSectionTableViewCell.xib */; };
		AA7BA3991FFCED2200A2F658 /* JLCSPrebuiltCellView.swift in Sources */ = {isa = PBXBuildFile; fileRef = AA7BA3981FFCED2200A2F658 /* JLCSPrebuiltCellView.swift */; };
		AAB637801FFC8ECC008B0C2E /* JLCSSwitchCell.swift in Sources */ = {isa = PBXBuildFile; fileRef = AAB6377F1FFC8ECC008B0C2E /* JLCSSwitchCell.swift */; };
		AAB637821FFC8ED8008B0C2E /* JLCSSwitchCell.xib in Resources */ = {isa = PBXBuildFile; fileRef = AAB637811FFC8ED8008B0C2E /* JLCSSwitchCell.xib */; };
		AAF129FE1FEFE78A007A3799 /* JLCardSectionTableView.framework in Frameworks */ = {isa = PBXBuildFile; fileRef = AAF129F41FEFE78A007A3799 /* JLCardSectionTableView.framework */; };
		AAF12A031FEFE78A007A3799 /* JLCardSectionTableViewTests.swift in Sources */ = {isa = PBXBuildFile; fileRef = AAF12A021FEFE78A007A3799 /* JLCardSectionTableViewTests.swift */; };
		AAF12A051FEFE78A007A3799 /* JLCardSectionTableView.h in Headers */ = {isa = PBXBuildFile; fileRef = AAF129F71FEFE78A007A3799 /* JLCardSectionTableView.h */; settings = {ATTRIBUTES = (Public, ); }; };
		AAF12A0F1FEFE865007A3799 /* JLCardSectionTableView.swift in Sources */ = {isa = PBXBuildFile; fileRef = AAF12A0E1FEFE865007A3799 /* JLCardSectionTableView.swift */; };
		AAF12A171FF064A9007A3799 /* JLCSTopTableViewCell.swift in Sources */ = {isa = PBXBuildFile; fileRef = AAF12A151FF064A9007A3799 /* JLCSTopTableViewCell.swift */; };
		AAF12A181FF064A9007A3799 /* JLCSTopTableViewCell.xib in Resources */ = {isa = PBXBuildFile; fileRef = AAF12A161FF064A9007A3799 /* JLCSTopTableViewCell.xib */; };
		AAF12A201FF0652E007A3799 /* JLCSBottomTableViewCell.xib in Resources */ = {isa = PBXBuildFile; fileRef = AAF12A1E1FF0652E007A3799 /* JLCSBottomTableViewCell.xib */; };
		AAF12A241FF0653F007A3799 /* JLCSMidTableViewCell.xib in Resources */ = {isa = PBXBuildFile; fileRef = AAF12A221FF0653F007A3799 /* JLCSMidTableViewCell.xib */; };
		AAF12A271FF0662B007A3799 /* JLRoundedShadowView.swift in Sources */ = {isa = PBXBuildFile; fileRef = AAF12A261FF0662B007A3799 /* JLRoundedShadowView.swift */; };
		AAF12A2A1FF0663D007A3799 /* JLRoundedShadowView.xib in Resources */ = {isa = PBXBuildFile; fileRef = AAF12A291FF0663D007A3799 /* JLRoundedShadowView.xib */; };
		AAF609D71FFC96130090DBC5 /* JLCSTextfieldCell.swift in Sources */ = {isa = PBXBuildFile; fileRef = AAF609D61FFC96130090DBC5 /* JLCSTextfieldCell.swift */; };
		AAF609D91FFC961F0090DBC5 /* JLCSTextfieldCell.xib in Resources */ = {isa = PBXBuildFile; fileRef = AAF609D81FFC961F0090DBC5 /* JLCSTextfieldCell.xib */; };
		AAF609DE1FFCB9600090DBC5 /* JLCSSliderCell.swift in Sources */ = {isa = PBXBuildFile; fileRef = AAF609DD1FFCB9600090DBC5 /* JLCSSliderCell.swift */; };
		AAF609E01FFCB9680090DBC5 /* JLCSSliderCell.xib in Resources */ = {isa = PBXBuildFile; fileRef = AAF609DF1FFCB9680090DBC5 /* JLCSSliderCell.xib */; };
		AAF609E31FFCBE3B0090DBC5 /* JLCSSegmentedControlCell.swift in Sources */ = {isa = PBXBuildFile; fileRef = AAF609E21FFCBE3B0090DBC5 /* JLCSSegmentedControlCell.swift */; };
		AAF609E51FFCBE450090DBC5 /* JLCSSegmentedControlCell.xib in Resources */ = {isa = PBXBuildFile; fileRef = AAF609E41FFCBE450090DBC5 /* JLCSSegmentedControlCell.xib */; };
/* End PBXBuildFile section */

/* Begin PBXContainerItemProxy section */
		AAF129FF1FEFE78A007A3799 /* PBXContainerItemProxy */ = {
			isa = PBXContainerItemProxy;
			containerPortal = AAF129EB1FEFE78A007A3799 /* Project object */;
			proxyType = 1;
			remoteGlobalIDString = AAF129F31FEFE78A007A3799;
			remoteInfo = JLCardSectionTableView;
		};
/* End PBXContainerItemProxy section */

/* Begin PBXFileReference section */
		1763DEF21FF1DAE200CE97FE /* JLCSTableViewCell.swift */ = {isa = PBXFileReference; lastKnownFileType = sourcecode.swift; path = JLCSTableViewCell.swift; sourceTree = "<group>"; };
		1763DEF41FF1DBB000CE97FE /* JLCardSectionClasses.swift */ = {isa = PBXFileReference; lastKnownFileType = sourcecode.swift; path = JLCardSectionClasses.swift; sourceTree = "<group>"; };
		AA1CA07A1FF5CA4000B574C2 /* JLCSConstants.swift */ = {isa = PBXFileReference; lastKnownFileType = sourcecode.swift; path = JLCSConstants.swift; sourceTree = "<group>"; };
		AA1CA07F1FF5E81C00B574C2 /* JLCSDefaultContent.xib */ = {isa = PBXFileReference; lastKnownFileType = file.xib; path = JLCSDefaultContent.xib; sourceTree = "<group>"; };
		AA1CA0811FF60A1500B574C2 /* JLCSExtensions.swift */ = {isa = PBXFileReference; lastKnownFileType = sourcecode.swift; path = JLCSExtensions.swift; sourceTree = "<group>"; };
		AA1CA0841FF60BAD00B574C2 /* JLCSDefaultContent.swift */ = {isa = PBXFileReference; lastKnownFileType = sourcecode.swift; path = JLCSDefaultContent.swift; sourceTree = "<group>"; };
		AA1CA0861FF616F500B574C2 /* Assets.xcassets */ = {isa = PBXFileReference; lastKnownFileType = folder.assetcatalog; path = Assets.xcassets; sourceTree = "<group>"; };
		AA1CA08A1FF6202200B574C2 /* JLCSSingleRowSectionTableViewCell.xib */ = {isa = PBXFileReference; lastKnownFileType = file.xib; path = JLCSSingleRowSectionTableViewCell.xib; sourceTree = "<group>"; };
		AA7BA3981FFCED2200A2F658 /* JLCSPrebuiltCellView.swift */ = {isa = PBXFileReference; fileEncoding = 4; lastKnownFileType = sourcecode.swift; path = JLCSPrebuiltCellView.swift; sourceTree = "<group>"; };
		AAB6377F1FFC8ECC008B0C2E /* JLCSSwitchCell.swift */ = {isa = PBXFileReference; lastKnownFileType = sourcecode.swift; path = JLCSSwitchCell.swift; sourceTree = "<group>"; };
		AAB637811FFC8ED8008B0C2E /* JLCSSwitchCell.xib */ = {isa = PBXFileReference; lastKnownFileType = file.xib; path = JLCSSwitchCell.xib; sourceTree = "<group>"; };
		AAF129F41FEFE78A007A3799 /* JLCardSectionTableView.framework */ = {isa = PBXFileReference; explicitFileType = wrapper.framework; includeInIndex = 0; path = JLCardSectionTableView.framework; sourceTree = BUILT_PRODUCTS_DIR; };
		AAF129F71FEFE78A007A3799 /* JLCardSectionTableView.h */ = {isa = PBXFileReference; lastKnownFileType = sourcecode.c.h; path = JLCardSectionTableView.h; sourceTree = "<group>"; };
		AAF129F81FEFE78A007A3799 /* Info.plist */ = {isa = PBXFileReference; lastKnownFileType = text.plist.xml; path = Info.plist; sourceTree = "<group>"; };
		AAF129FD1FEFE78A007A3799 /* JLCardSectionTableViewTests.xctest */ = {isa = PBXFileReference; explicitFileType = wrapper.cfbundle; includeInIndex = 0; path = JLCardSectionTableViewTests.xctest; sourceTree = BUILT_PRODUCTS_DIR; };
		AAF12A021FEFE78A007A3799 /* JLCardSectionTableViewTests.swift */ = {isa = PBXFileReference; lastKnownFileType = sourcecode.swift; path = JLCardSectionTableViewTests.swift; sourceTree = "<group>"; };
		AAF12A041FEFE78A007A3799 /* Info.plist */ = {isa = PBXFileReference; lastKnownFileType = text.plist.xml; path = Info.plist; sourceTree = "<group>"; };
		AAF12A0E1FEFE865007A3799 /* JLCardSectionTableView.swift */ = {isa = PBXFileReference; lastKnownFileType = sourcecode.swift; path = JLCardSectionTableView.swift; sourceTree = "<group>"; };
		AAF12A151FF064A9007A3799 /* JLCSTopTableViewCell.swift */ = {isa = PBXFileReference; lastKnownFileType = sourcecode.swift; path = JLCSTopTableViewCell.swift; sourceTree = "<group>"; };
		AAF12A161FF064A9007A3799 /* JLCSTopTableViewCell.xib */ = {isa = PBXFileReference; lastKnownFileType = file.xib; path = JLCSTopTableViewCell.xib; sourceTree = "<group>"; };
		AAF12A1E1FF0652E007A3799 /* JLCSBottomTableViewCell.xib */ = {isa = PBXFileReference; lastKnownFileType = file.xib; path = JLCSBottomTableViewCell.xib; sourceTree = "<group>"; };
		AAF12A221FF0653F007A3799 /* JLCSMidTableViewCell.xib */ = {isa = PBXFileReference; lastKnownFileType = file.xib; path = JLCSMidTableViewCell.xib; sourceTree = "<group>"; };
		AAF12A261FF0662B007A3799 /* JLRoundedShadowView.swift */ = {isa = PBXFileReference; lastKnownFileType = sourcecode.swift; path = JLRoundedShadowView.swift; sourceTree = "<group>"; };
		AAF12A291FF0663D007A3799 /* JLRoundedShadowView.xib */ = {isa = PBXFileReference; lastKnownFileType = file.xib; path = JLRoundedShadowView.xib; sourceTree = "<group>"; };
		AAF609D61FFC96130090DBC5 /* JLCSTextfieldCell.swift */ = {isa = PBXFileReference; lastKnownFileType = sourcecode.swift; path = JLCSTextfieldCell.swift; sourceTree = "<group>"; };
		AAF609D81FFC961F0090DBC5 /* JLCSTextfieldCell.xib */ = {isa = PBXFileReference; lastKnownFileType = file.xib; path = JLCSTextfieldCell.xib; sourceTree = "<group>"; };
		AAF609DD1FFCB9600090DBC5 /* JLCSSliderCell.swift */ = {isa = PBXFileReference; lastKnownFileType = sourcecode.swift; path = JLCSSliderCell.swift; sourceTree = "<group>"; };
		AAF609DF1FFCB9680090DBC5 /* JLCSSliderCell.xib */ = {isa = PBXFileReference; lastKnownFileType = file.xib; path = JLCSSliderCell.xib; sourceTree = "<group>"; };
		AAF609E21FFCBE3B0090DBC5 /* JLCSSegmentedControlCell.swift */ = {isa = PBXFileReference; lastKnownFileType = sourcecode.swift; path = JLCSSegmentedControlCell.swift; sourceTree = "<group>"; };
		AAF609E41FFCBE450090DBC5 /* JLCSSegmentedControlCell.xib */ = {isa = PBXFileReference; lastKnownFileType = file.xib; path = JLCSSegmentedControlCell.xib; sourceTree = "<group>"; };
/* End PBXFileReference section */

/* Begin PBXFrameworksBuildPhase section */
		AAF129F01FEFE78A007A3799 /* Frameworks */ = {
			isa = PBXFrameworksBuildPhase;
			buildActionMask = 2147483647;
			files = (
			);
			runOnlyForDeploymentPostprocessing = 0;
		};
		AAF129FA1FEFE78A007A3799 /* Frameworks */ = {
			isa = PBXFrameworksBuildPhase;
			buildActionMask = 2147483647;
			files = (
				AAF129FE1FEFE78A007A3799 /* JLCardSectionTableView.framework in Frameworks */,
			);
			runOnlyForDeploymentPostprocessing = 0;
		};
/* End PBXFrameworksBuildPhase section */

/* Begin PBXGroup section */
		AA1CA0831FF60B9A00B574C2 /* Default */ = {
			isa = PBXGroup;
			children = (
				AA1CA0841FF60BAD00B574C2 /* JLCSDefaultContent.swift */,
				AA1CA07F1FF5E81C00B574C2 /* JLCSDefaultContent.xib */,
			);
			path = Default;
			sourceTree = "<group>";
		};
		AA1CA0881FF61FE200B574C2 /* Single Row */ = {
			isa = PBXGroup;
			children = (
				AA1CA08A1FF6202200B574C2 /* JLCSSingleRowSectionTableViewCell.xib */,
			);
			path = "Single Row";
			sourceTree = "<group>";
		};
		AAB6377C1FFC8E52008B0C2E /* Pre-built Cells */ = {
			isa = PBXGroup;
			children = (
				AA7BA3981FFCED2200A2F658 /* JLCSPrebuiltCellView.swift */,
				AAF609E11FFCBC9A0090DBC5 /* Segmented */,
				AAF609DC1FFCB93A0090DBC5 /* Slider */,
				AA1CA0831FF60B9A00B574C2 /* Default */,
				AAB6377E1FFC8E6A008B0C2E /* Textfield */,
				AAB6377D1FFC8E5D008B0C2E /* Switch */,
			);
			path = "Pre-built Cells";
			sourceTree = "<group>";
		};
		AAB6377D1FFC8E5D008B0C2E /* Switch */ = {
			isa = PBXGroup;
			children = (
				AAB6377F1FFC8ECC008B0C2E /* JLCSSwitchCell.swift */,
				AAB637811FFC8ED8008B0C2E /* JLCSSwitchCell.xib */,
			);
			path = Switch;
			sourceTree = "<group>";
		};
		AAB6377E1FFC8E6A008B0C2E /* Textfield */ = {
			isa = PBXGroup;
			children = (
				AAF609D61FFC96130090DBC5 /* JLCSTextfieldCell.swift */,
				AAF609D81FFC961F0090DBC5 /* JLCSTextfieldCell.xib */,
			);
			path = Textfield;
			sourceTree = "<group>";
		};
		AAF129EA1FEFE78A007A3799 = {
			isa = PBXGroup;
			children = (
				AAF129F61FEFE78A007A3799 /* JLCardSectionTableView */,
				AAF12A011FEFE78A007A3799 /* JLCardSectionTableViewTests */,
				AAF129F51FEFE78A007A3799 /* Products */,
			);
			sourceTree = "<group>";
		};
		AAF129F51FEFE78A007A3799 /* Products */ = {
			isa = PBXGroup;
			children = (
				AAF129F41FEFE78A007A3799 /* JLCardSectionTableView.framework */,
				AAF129FD1FEFE78A007A3799 /* JLCardSectionTableViewTests.xctest */,
			);
			name = Products;
			sourceTree = "<group>";
		};
		AAF129F61FEFE78A007A3799 /* JLCardSectionTableView */ = {
			isa = PBXGroup;
			children = (
				AAF129F71FEFE78A007A3799 /* JLCardSectionTableView.h */,
				AAF12A0E1FEFE865007A3799 /* JLCardSectionTableView.swift */,
				AA1CA07A1FF5CA4000B574C2 /* JLCSConstants.swift */,
				AA1CA0811FF60A1500B574C2 /* JLCSExtensions.swift */,
				1763DEF41FF1DBB000CE97FE /* JLCardSectionClasses.swift */,
				AAB6377C1FFC8E52008B0C2E /* Pre-built Cells */,
				AAF12A251FF0660B007A3799 /* Generics */,
				AAF12A191FF064D0007A3799 /* Cells */,
				AA1CA0861FF616F500B574C2 /* Assets.xcassets */,
				AAF129F81FEFE78A007A3799 /* Info.plist */,
			);
			path = JLCardSectionTableView;
			sourceTree = "<group>";
		};
		AAF12A011FEFE78A007A3799 /* JLCardSectionTableViewTests */ = {
			isa = PBXGroup;
			children = (
				AAF12A021FEFE78A007A3799 /* JLCardSectionTableViewTests.swift */,
				AAF12A041FEFE78A007A3799 /* Info.plist */,
			);
			path = JLCardSectionTableViewTests;
			sourceTree = "<group>";
		};
		AAF12A191FF064D0007A3799 /* Cells */ = {
			isa = PBXGroup;
			children = (
				1763DEF21FF1DAE200CE97FE /* JLCSTableViewCell.swift */,
				AA1CA0881FF61FE200B574C2 /* Single Row */,
				AAF12A1A1FF064DA007A3799 /* Top */,
				AAF12A1B1FF06518007A3799 /* Mid */,
				AAF12A1C1FF0651D007A3799 /* Bottom */,
			);
			path = Cells;
			sourceTree = "<group>";
		};
		AAF12A1A1FF064DA007A3799 /* Top */ = {
			isa = PBXGroup;
			children = (
				AAF12A151FF064A9007A3799 /* JLCSTopTableViewCell.swift */,
				AAF12A161FF064A9007A3799 /* JLCSTopTableViewCell.xib */,
			);
			path = Top;
			sourceTree = "<group>";
		};
		AAF12A1B1FF06518007A3799 /* Mid */ = {
			isa = PBXGroup;
			children = (
				AAF12A221FF0653F007A3799 /* JLCSMidTableViewCell.xib */,
			);
			path = Mid;
			sourceTree = "<group>";
		};
		AAF12A1C1FF0651D007A3799 /* Bottom */ = {
			isa = PBXGroup;
			children = (
				AAF12A1E1FF0652E007A3799 /* JLCSBottomTableViewCell.xib */,
			);
			path = Bottom;
			sourceTree = "<group>";
		};
		AAF12A251FF0660B007A3799 /* Generics */ = {
			isa = PBXGroup;
			children = (
				AAF12A2B1FF0663F007A3799 /* Rounded Shadow */,
			);
			path = Generics;
			sourceTree = "<group>";
		};
		AAF12A2B1FF0663F007A3799 /* Rounded Shadow */ = {
			isa = PBXGroup;
			children = (
				AAF12A261FF0662B007A3799 /* JLRoundedShadowView.swift */,
				AAF12A291FF0663D007A3799 /* JLRoundedShadowView.xib */,
			);
			path = "Rounded Shadow";
			sourceTree = "<group>";
		};
		AAF609DC1FFCB93A0090DBC5 /* Slider */ = {
			isa = PBXGroup;
			children = (
				AAF609DD1FFCB9600090DBC5 /* JLCSSliderCell.swift */,
				AAF609DF1FFCB9680090DBC5 /* JLCSSliderCell.xib */,
			);
			path = Slider;
			sourceTree = "<group>";
		};
		AAF609E11FFCBC9A0090DBC5 /* Segmented */ = {
			isa = PBXGroup;
			children = (
				AAF609E21FFCBE3B0090DBC5 /* JLCSSegmentedControlCell.swift */,
				AAF609E41FFCBE450090DBC5 /* JLCSSegmentedControlCell.xib */,
			);
			path = Segmented;
			sourceTree = "<group>";
		};
/* End PBXGroup section */

/* Begin PBXHeadersBuildPhase section */
		AAF129F11FEFE78A007A3799 /* Headers */ = {
			isa = PBXHeadersBuildPhase;
			buildActionMask = 2147483647;
			files = (
				AAF12A051FEFE78A007A3799 /* JLCardSectionTableView.h in Headers */,
			);
			runOnlyForDeploymentPostprocessing = 0;
		};
/* End PBXHeadersBuildPhase section */

/* Begin PBXNativeTarget section */
		AAF129F31FEFE78A007A3799 /* JLCardSectionTableView */ = {
			isa = PBXNativeTarget;
			buildConfigurationList = AAF12A081FEFE78A007A3799 /* Build configuration list for PBXNativeTarget "JLCardSectionTableView" */;
			buildPhases = (
				AAF129EF1FEFE78A007A3799 /* Sources */,
				AAF129F01FEFE78A007A3799 /* Frameworks */,
				AAF129F11FEFE78A007A3799 /* Headers */,
				AAF129F21FEFE78A007A3799 /* Resources */,
			);
			buildRules = (
			);
			dependencies = (
			);
			name = JLCardSectionTableView;
			productName = JLCardSectionTableView;
			productReference = AAF129F41FEFE78A007A3799 /* JLCardSectionTableView.framework */;
			productType = "com.apple.product-type.framework";
		};
		AAF129FC1FEFE78A007A3799 /* JLCardSectionTableViewTests */ = {
			isa = PBXNativeTarget;
			buildConfigurationList = AAF12A0B1FEFE78A007A3799 /* Build configuration list for PBXNativeTarget "JLCardSectionTableViewTests" */;
			buildPhases = (
				AAF129F91FEFE78A007A3799 /* Sources */,
				AAF129FA1FEFE78A007A3799 /* Frameworks */,
				AAF129FB1FEFE78A007A3799 /* Resources */,
			);
			buildRules = (
			);
			dependencies = (
				AAF12A001FEFE78A007A3799 /* PBXTargetDependency */,
			);
			name = JLCardSectionTableViewTests;
			productName = JLCardSectionTableViewTests;
			productReference = AAF129FD1FEFE78A007A3799 /* JLCardSectionTableViewTests.xctest */;
			productType = "com.apple.product-type.bundle.unit-test";
		};
/* End PBXNativeTarget section */

/* Begin PBXProject section */
		AAF129EB1FEFE78A007A3799 /* Project object */ = {
			isa = PBXProject;
			attributes = {
				LastSwiftUpdateCheck = 0920;
				LastUpgradeCheck = 0920;
				ORGANIZATIONNAME = "Jordan Lewis";
				TargetAttributes = {
					AAF129F31FEFE78A007A3799 = {
						CreatedOnToolsVersion = 9.2;
						LastSwiftMigration = 0920;
						ProvisioningStyle = Automatic;
					};
					AAF129FC1FEFE78A007A3799 = {
						CreatedOnToolsVersion = 9.2;
						ProvisioningStyle = Automatic;
					};
				};
			};
			buildConfigurationList = AAF129EE1FEFE78A007A3799 /* Build configuration list for PBXProject "JLCardSectionTableView" */;
			compatibilityVersion = "Xcode 8.0";
			developmentRegion = en;
			hasScannedForEncodings = 0;
			knownRegions = (
				en,
			);
			mainGroup = AAF129EA1FEFE78A007A3799;
			productRefGroup = AAF129F51FEFE78A007A3799 /* Products */;
			projectDirPath = "";
			projectRoot = "";
			targets = (
				AAF129F31FEFE78A007A3799 /* JLCardSectionTableView */,
				AAF129FC1FEFE78A007A3799 /* JLCardSectionTableViewTests */,
			);
		};
/* End PBXProject section */

/* Begin PBXResourcesBuildPhase section */
		AAF129F21FEFE78A007A3799 /* Resources */ = {
			isa = PBXResourcesBuildPhase;
			buildActionMask = 2147483647;
			files = (
				AAF609E01FFCB9680090DBC5 /* JLCSSliderCell.xib in Resources */,
				AAF12A2A1FF0663D007A3799 /* JLRoundedShadowView.xib in Resources */,
				AAB637821FFC8ED8008B0C2E /* JLCSSwitchCell.xib in Resources */,
				AAF12A201FF0652E007A3799 /* JLCSBottomTableViewCell.xib in Resources */,
				AAF12A181FF064A9007A3799 /* JLCSTopTableViewCell.xib in Resources */,
				AA1CA0801FF5E81C00B574C2 /* JLCSDefaultContent.xib in Resources */,
				AA1CA08C1FF6202200B574C2 /* JLCSSingleRowSectionTableViewCell.xib in Resources */,
				AA1CA0871FF616F500B574C2 /* Assets.xcassets in Resources */,
				AAF609D91FFC961F0090DBC5 /* JLCSTextfieldCell.xib in Resources */,
				AAF609E51FFCBE450090DBC5 /* JLCSSegmentedControlCell.xib in Resources */,
				AAF12A241FF0653F007A3799 /* JLCSMidTableViewCell.xib in Resources */,
			);
			runOnlyForDeploymentPostprocessing = 0;
		};
		AAF129FB1FEFE78A007A3799 /* Resources */ = {
			isa = PBXResourcesBuildPhase;
			buildActionMask = 2147483647;
			files = (
			);
			runOnlyForDeploymentPostprocessing = 0;
		};
/* End PBXResourcesBuildPhase section */

/* Begin PBXSourcesBuildPhase section */
		AAF129EF1FEFE78A007A3799 /* Sources */ = {
			isa = PBXSourcesBuildPhase;
			buildActionMask = 2147483647;
			files = (
				AA1CA0851FF60BAD00B574C2 /* JLCSDefaultContent.swift in Sources */,
				AAF609D71FFC96130090DBC5 /* JLCSTextfieldCell.swift in Sources */,
				AA7BA3991FFCED2200A2F658 /* JLCSPrebuiltCellView.swift in Sources */,
				AAF609E31FFCBE3B0090DBC5 /* JLCSSegmentedControlCell.swift in Sources */,
				AA1CA0821FF60A1500B574C2 /* JLCSExtensions.swift in Sources */,
				AAF12A271FF0662B007A3799 /* JLRoundedShadowView.swift in Sources */,
				AAF12A0F1FEFE865007A3799 /* JLCardSectionTableView.swift in Sources */,
				AAF609DE1FFCB9600090DBC5 /* JLCSSliderCell.swift in Sources */,
				1763DEF51FF1DBB000CE97FE /* JLCardSectionClasses.swift in Sources */,
				AAF12A171FF064A9007A3799 /* JLCSTopTableViewCell.swift in Sources */,
				1763DEF31FF1DAE200CE97FE /* JLCSTableViewCell.swift in Sources */,
				AAB637801FFC8ECC008B0C2E /* JLCSSwitchCell.swift in Sources */,
				AA1CA07B1FF5CA4000B574C2 /* JLCSConstants.swift in Sources */,
			);
			runOnlyForDeploymentPostprocessing = 0;
		};
		AAF129F91FEFE78A007A3799 /* Sources */ = {
			isa = PBXSourcesBuildPhase;
			buildActionMask = 2147483647;
			files = (
				AAF12A031FEFE78A007A3799 /* JLCardSectionTableViewTests.swift in Sources */,
			);
			runOnlyForDeploymentPostprocessing = 0;
		};
/* End PBXSourcesBuildPhase section */

/* Begin PBXTargetDependency section */
		AAF12A001FEFE78A007A3799 /* PBXTargetDependency */ = {
			isa = PBXTargetDependency;
			target = AAF129F31FEFE78A007A3799 /* JLCardSectionTableView */;
			targetProxy = AAF129FF1FEFE78A007A3799 /* PBXContainerItemProxy */;
		};
/* End PBXTargetDependency section */

/* Begin XCBuildConfiguration section */
		AAF12A061FEFE78A007A3799 /* Debug */ = {
			isa = XCBuildConfiguration;
			buildSettings = {
				ALWAYS_SEARCH_USER_PATHS = NO;
				CLANG_ANALYZER_NONNULL = YES;
				CLANG_ANALYZER_NUMBER_OBJECT_CONVERSION = YES_AGGRESSIVE;
				CLANG_CXX_LANGUAGE_STANDARD = "gnu++14";
				CLANG_CXX_LIBRARY = "libc++";
				CLANG_ENABLE_MODULES = YES;
				CLANG_ENABLE_OBJC_ARC = YES;
				CLANG_WARN_BLOCK_CAPTURE_AUTORELEASING = YES;
				CLANG_WARN_BOOL_CONVERSION = YES;
				CLANG_WARN_COMMA = YES;
				CLANG_WARN_CONSTANT_CONVERSION = YES;
				CLANG_WARN_DIRECT_OBJC_ISA_USAGE = YES_ERROR;
				CLANG_WARN_DOCUMENTATION_COMMENTS = YES;
				CLANG_WARN_EMPTY_BODY = YES;
				CLANG_WARN_ENUM_CONVERSION = YES;
				CLANG_WARN_INFINITE_RECURSION = YES;
				CLANG_WARN_INT_CONVERSION = YES;
				CLANG_WARN_NON_LITERAL_NULL_CONVERSION = YES;
				CLANG_WARN_OBJC_LITERAL_CONVERSION = YES;
				CLANG_WARN_OBJC_ROOT_CLASS = YES_ERROR;
				CLANG_WARN_RANGE_LOOP_ANALYSIS = YES;
				CLANG_WARN_STRICT_PROTOTYPES = YES;
				CLANG_WARN_SUSPICIOUS_MOVE = YES;
				CLANG_WARN_UNGUARDED_AVAILABILITY = YES_AGGRESSIVE;
				CLANG_WARN_UNREACHABLE_CODE = YES;
				CLANG_WARN__DUPLICATE_METHOD_MATCH = YES;
				CODE_SIGN_IDENTITY = "iPhone Developer";
				COPY_PHASE_STRIP = NO;
				CURRENT_PROJECT_VERSION = 1;
				DEBUG_INFORMATION_FORMAT = dwarf;
				ENABLE_STRICT_OBJC_MSGSEND = YES;
				ENABLE_TESTABILITY = YES;
				GCC_C_LANGUAGE_STANDARD = gnu11;
				GCC_DYNAMIC_NO_PIC = NO;
				GCC_NO_COMMON_BLOCKS = YES;
				GCC_OPTIMIZATION_LEVEL = 0;
				GCC_PREPROCESSOR_DEFINITIONS = (
					"DEBUG=1",
					"$(inherited)",
				);
				GCC_WARN_64_TO_32_BIT_CONVERSION = YES;
				GCC_WARN_ABOUT_RETURN_TYPE = YES_ERROR;
				GCC_WARN_UNDECLARED_SELECTOR = YES;
				GCC_WARN_UNINITIALIZED_AUTOS = YES_AGGRESSIVE;
				GCC_WARN_UNUSED_FUNCTION = YES;
				GCC_WARN_UNUSED_VARIABLE = YES;
				IPHONEOS_DEPLOYMENT_TARGET = 11.2;
				MTL_ENABLE_DEBUG_INFO = YES;
				ONLY_ACTIVE_ARCH = YES;
				SDKROOT = iphoneos;
				SWIFT_ACTIVE_COMPILATION_CONDITIONS = DEBUG;
				SWIFT_OPTIMIZATION_LEVEL = "-Onone";
				VERSIONING_SYSTEM = "apple-generic";
				VERSION_INFO_PREFIX = "";
			};
			name = Debug;
		};
		AAF12A071FEFE78A007A3799 /* Release */ = {
			isa = XCBuildConfiguration;
			buildSettings = {
				ALWAYS_SEARCH_USER_PATHS = NO;
				CLANG_ANALYZER_NONNULL = YES;
				CLANG_ANALYZER_NUMBER_OBJECT_CONVERSION = YES_AGGRESSIVE;
				CLANG_CXX_LANGUAGE_STANDARD = "gnu++14";
				CLANG_CXX_LIBRARY = "libc++";
				CLANG_ENABLE_MODULES = YES;
				CLANG_ENABLE_OBJC_ARC = YES;
				CLANG_WARN_BLOCK_CAPTURE_AUTORELEASING = YES;
				CLANG_WARN_BOOL_CONVERSION = YES;
				CLANG_WARN_COMMA = YES;
				CLANG_WARN_CONSTANT_CONVERSION = YES;
				CLANG_WARN_DIRECT_OBJC_ISA_USAGE = YES_ERROR;
				CLANG_WARN_DOCUMENTATION_COMMENTS = YES;
				CLANG_WARN_EMPTY_BODY = YES;
				CLANG_WARN_ENUM_CONVERSION = YES;
				CLANG_WARN_INFINITE_RECURSION = YES;
				CLANG_WARN_INT_CONVERSION = YES;
				CLANG_WARN_NON_LITERAL_NULL_CONVERSION = YES;
				CLANG_WARN_OBJC_LITERAL_CONVERSION = YES;
				CLANG_WARN_OBJC_ROOT_CLASS = YES_ERROR;
				CLANG_WARN_RANGE_LOOP_ANALYSIS = YES;
				CLANG_WARN_STRICT_PROTOTYPES = YES;
				CLANG_WARN_SUSPICIOUS_MOVE = YES;
				CLANG_WARN_UNGUARDED_AVAILABILITY = YES_AGGRESSIVE;
				CLANG_WARN_UNREACHABLE_CODE = YES;
				CLANG_WARN__DUPLICATE_METHOD_MATCH = YES;
				CODE_SIGN_IDENTITY = "iPhone Developer";
				COPY_PHASE_STRIP = NO;
				CURRENT_PROJECT_VERSION = 1;
				DEBUG_INFORMATION_FORMAT = "dwarf-with-dsym";
				ENABLE_NS_ASSERTIONS = NO;
				ENABLE_STRICT_OBJC_MSGSEND = YES;
				GCC_C_LANGUAGE_STANDARD = gnu11;
				GCC_NO_COMMON_BLOCKS = YES;
				GCC_WARN_64_TO_32_BIT_CONVERSION = YES;
				GCC_WARN_ABOUT_RETURN_TYPE = YES_ERROR;
				GCC_WARN_UNDECLARED_SELECTOR = YES;
				GCC_WARN_UNINITIALIZED_AUTOS = YES_AGGRESSIVE;
				GCC_WARN_UNUSED_FUNCTION = YES;
				GCC_WARN_UNUSED_VARIABLE = YES;
				IPHONEOS_DEPLOYMENT_TARGET = 11.2;
				MTL_ENABLE_DEBUG_INFO = NO;
				SDKROOT = iphoneos;
				SWIFT_OPTIMIZATION_LEVEL = "-Owholemodule";
				VALIDATE_PRODUCT = YES;
				VERSIONING_SYSTEM = "apple-generic";
				VERSION_INFO_PREFIX = "";
			};
			name = Release;
		};
		AAF12A091FEFE78A007A3799 /* Debug */ = {
			isa = XCBuildConfiguration;
			buildSettings = {
				CLANG_ENABLE_MODULES = YES;
				CODE_SIGN_IDENTITY = "";
				CODE_SIGN_STYLE = Automatic;
				DEFINES_MODULE = YES;
				DEVELOPMENT_TEAM = 6F57BQCCZS;
				DYLIB_COMPATIBILITY_VERSION = 1;
				DYLIB_CURRENT_VERSION = 1;
				DYLIB_INSTALL_NAME_BASE = "@rpath";
				INFOPLIST_FILE = JLCardSectionTableView/Info.plist;
				INSTALL_PATH = "$(LOCAL_LIBRARY_DIR)/Frameworks";
				LD_RUNPATH_SEARCH_PATHS = "$(inherited) @executable_path/Frameworks @loader_path/Frameworks";
				PRODUCT_BUNDLE_IDENTIFIER = com.jjlewis.JLCardSectionTableView;
				PRODUCT_NAME = "$(TARGET_NAME:c99extidentifier)";
				SKIP_INSTALL = YES;
				SWIFT_OPTIMIZATION_LEVEL = "-Onone";
				SWIFT_VERSION = 4.0;
				TARGETED_DEVICE_FAMILY = "1,2";
			};
			name = Debug;
		};
		AAF12A0A1FEFE78A007A3799 /* Release */ = {
			isa = XCBuildConfiguration;
			buildSettings = {
				CLANG_ENABLE_MODULES = YES;
				CODE_SIGN_IDENTITY = "";
				CODE_SIGN_STYLE = Automatic;
				DEFINES_MODULE = YES;
				DEVELOPMENT_TEAM = 6F57BQCCZS;
				DYLIB_COMPATIBILITY_VERSION = 1;
				DYLIB_CURRENT_VERSION = 1;
				DYLIB_INSTALL_NAME_BASE = "@rpath";
				INFOPLIST_FILE = JLCardSectionTableView/Info.plist;
				INSTALL_PATH = "$(LOCAL_LIBRARY_DIR)/Frameworks";
				LD_RUNPATH_SEARCH_PATHS = "$(inherited) @executable_path/Frameworks @loader_path/Frameworks";
				PRODUCT_BUNDLE_IDENTIFIER = com.jjlewis.JLCardSectionTableView;
				PRODUCT_NAME = "$(TARGET_NAME:c99extidentifier)";
				SKIP_INSTALL = YES;
				SWIFT_VERSION = 4.0;
				TARGETED_DEVICE_FAMILY = "1,2";
			};
			name = Release;
		};
		AAF12A0C1FEFE78A007A3799 /* Debug */ = {
			isa = XCBuildConfiguration;
			buildSettings = {
				ALWAYS_EMBED_SWIFT_STANDARD_LIBRARIES = YES;
				CODE_SIGN_STYLE = Automatic;
				DEVELOPMENT_TEAM = 6F57BQCCZS;
				INFOPLIST_FILE = JLCardSectionTableViewTests/Info.plist;
				LD_RUNPATH_SEARCH_PATHS = "$(inherited) @executable_path/Frameworks @loader_path/Frameworks";
				PRODUCT_BUNDLE_IDENTIFIER = com.jjlewis.JLCardSectionTableViewTests;
				PRODUCT_NAME = "$(TARGET_NAME)";
				SWIFT_VERSION = 4.0;
				TARGETED_DEVICE_FAMILY = "1,2";
			};
			name = Debug;
		};
		AAF12A0D1FEFE78A007A3799 /* Release */ = {
			isa = XCBuildConfiguration;
			buildSettings = {
				ALWAYS_EMBED_SWIFT_STANDARD_LIBRARIES = YES;
				CODE_SIGN_STYLE = Automatic;
				DEVELOPMENT_TEAM = 6F57BQCCZS;
				INFOPLIST_FILE = JLCardSectionTableViewTests/Info.plist;
				LD_RUNPATH_SEARCH_PATHS = "$(inherited) @executable_path/Frameworks @loader_path/Frameworks";
				PRODUCT_BUNDLE_IDENTIFIER = com.jjlewis.JLCardSectionTableViewTests;
				PRODUCT_NAME = "$(TARGET_NAME)";
				SWIFT_VERSION = 4.0;
				TARGETED_DEVICE_FAMILY = "1,2";
			};
			name = Release;
		};
/* End XCBuildConfiguration section */

/* Begin XCConfigurationList section */
		AAF129EE1FEFE78A007A3799 /* Build configuration list for PBXProject "JLCardSectionTableView" */ = {
			isa = XCConfigurationList;
			buildConfigurations = (
				AAF12A061FEFE78A007A3799 /* Debug */,
				AAF12A071FEFE78A007A3799 /* Release */,
			);
			defaultConfigurationIsVisible = 0;
			defaultConfigurationName = Release;
		};
		AAF12A081FEFE78A007A3799 /* Build configuration list for PBXNativeTarget "JLCardSectionTableView" */ = {
			isa = XCConfigurationList;
			buildConfigurations = (
				AAF12A091FEFE78A007A3799 /* Debug */,
				AAF12A0A1FEFE78A007A3799 /* Release */,
			);
			defaultConfigurationIsVisible = 0;
			defaultConfigurationName = Release;
		};
		AAF12A0B1FEFE78A007A3799 /* Build configuration list for PBXNativeTarget "JLCardSectionTableViewTests" */ = {
			isa = XCConfigurationList;
			buildConfigurations = (
				AAF12A0C1FEFE78A007A3799 /* Debug */,
				AAF12A0D1FEFE78A007A3799 /* Release */,
			);
			defaultConfigurationIsVisible = 0;
			defaultConfigurationName = Release;
		};
/* End XCConfigurationList section */
	};
	rootObject = AAF129EB1FEFE78A007A3799 /* Project object */;
}
